
Microsoft Visual Studio Solution File, Format Version 12.00
# Visual Studio Version 17
VisualStudioVersion = 17.9.34616.47
MinimumVisualStudioVersion = 10.0.40219.1
Project("{8BC9CEB8-8B4A-11D0-8D11-00A0C91BC942}") = "Pertemuan6", "Pertemuan6\Pertemuan6.vcxproj", "{264079F8-A9D4-4AC1-A4E0-793E3214B836}"
EndProject
Project("{8BC9CEB8-8B4A-11D0-8D11-00A0C91BC942}") = "Struktur2", "Struktur2\Struktur2.vcxproj", "{871CC196-0C12-4C09-A95A-C44F1169C5FB}"
EndProject
Global
	GlobalSection(SolutionConfigurationPlatforms) = preSolution
		Debug|x64 = Debug|x64
		Debug|x86 = Debug|x86
		Release|x64 = Release|x64
		Release|x86 = Release|x86
	EndGlobalSection
	GlobalSection(ProjectConfigurationPlatforms) = postSolution
		{264079F8-A9D4-4AC1-A4E0-793E3214B836}.Debug|x64.ActiveCfg = Debug|x64
		{264079F8-A9D4-4AC1-A4E0-793E3214B836}.Debug|x64.Build.0 = Debug|x64
		{264079F8-A9D4-4AC1-A4E0-793E3214B836}.Debug|x86.ActiveCfg = Debug|Win32
		{264079F8-A9D4-4AC1-A4E0-793E3214B836}.Debug|x86.Build.0 = Debug|Win32
		{264079F8-A9D4-4AC1-A4E0-793E3214B836}.Release|x64.ActiveCfg = Release|x64
		{264079F8-A9D4-4AC1-A4E0-793E3214B836}.Release|x64.Build.0 = Release|x64
		{264079F8-A9D4-4AC1-A4E0-793E3214B836}.Release|x86.ActiveCfg = Release|Win32
		{264079F8-A9D4-4AC1-A4E0-793E3214B836}.Release|x86.Build.0 = Release|Win32
		{871CC196-0C12-4C09-A95A-C44F1169C5FB}.Debug|x64.ActiveCfg = Debug|x64
		{871CC196-0C12-4C09-A95A-C44F1169C5FB}.Debug|x64.Build.0 = Debug|x64
		{871CC196-0C12-4C09-A95A-C44F1169C5FB}.Debug|x86.ActiveCfg = Debug|Win32
		{871CC196-0C12-4C09-A95A-C44F1169C5FB}.Debug|x86.Build.0 = Debug|Win32
		{871CC196-0C12-4C09-A95A-C44F1169C5FB}.Release|x64.ActiveCfg = Release|x64
		{871CC196-0C12-4C09-A95A-C44F1169C5FB}.Release|x64.Build.0 = Release|x64
		{871CC196-0C12-4C09-A95A-C44F1169C5FB}.Release|x86.ActiveCfg = Release|Win32
		{871CC196-0C12-4C09-A95A-C44F1169C5FB}.Release|x86.Build.0 = Release|Win32
	EndGlobalSection
	GlobalSection(SolutionProperties) = preSolution
		HideSolutionNode = FALSE
	EndGlobalSection
	GlobalSection(ExtensibilityGlobals) = postSolution
		SolutionGuid = {952CE28D-7E93-4F30-9616-76A09F032F3E}
	EndGlobalSection
EndGlobal
